
Microsoft Visual Studio Solution File, Format Version 12.00
# Visual Studio Version 16
VisualStudioVersion = 16.0.29613.14
MinimumVisualStudioVersion = 10.0.40219.1
Project("{2150E333-8FDC-42A3-9474-1A3956D46DE8}") = "Presentation", "Presentation", "{C295AD9F-E869-4A79-9872-063F5061C4E5}"
EndProject
Project("{FAE04EC0-301F-11D3-BF4B-00C04F79EFBC}") = "Client", "Presentation\Client\Client.csproj", "{A014E31B-0A66-4969-8139-022C0EB9EDF2}"
EndProject
Project("{2150E333-8FDC-42A3-9474-1A3956D46DE8}") = "Infrastructures", "Infrastructures", "{88944318-5F98-4489-B88C-3A6B55B42A0A}"
EndProject
Project("{2150E333-8FDC-42A3-9474-1A3956D46DE8}") = "Modules", "Modules", "{B5AE0BEC-0427-49F5-B6BB-1673793BA8CF}"
EndProject
Project("{FAE04EC0-301F-11D3-BF4B-00C04F79EFBC}") = "OSKernel.Presentation.Analysis", "Presentation\Modules\OSKernel.Presentation.Analysis\OSKernel.Presentation.Analysis.csproj", "{032F044C-2D72-4578-8E68-CBB3D6C82120}"
EndProject
Project("{FAE04EC0-301F-11D3-BF4B-00C04F79EFBC}") = "OSKernel.Presentation.Arranging", "Presentation\Modules\OSKernel.Presentation.Arranging\OSKernel.Presentation.Arranging.csproj", "{BA4FAC75-B605-4B4E-98D9-3AC760CEA278}"
EndProject
Project("{FAE04EC0-301F-11D3-BF4B-00C04F79EFBC}") = "OSKernel.Presentation.Login", "Presentation\Modules\OSKernel.Presentation.Login\OSKernel.Presentation.Login.csproj", "{281D2716-EDDA-47BF-AC04-4E017433C315}"
EndProject
Project("{FAE04EC0-301F-11D3-BF4B-00C04F79EFBC}") = "OSKernel.Presentation.Core", "Presentation\Infrastructures\OSKernel.Presentation.Core\OSKernel.Presentation.Core.csproj", "{459E774C-1A09-4008-8CDF-765B467EACEA}"
EndProject
Project("{FAE04EC0-301F-11D3-BF4B-00C04F79EFBC}") = "OSKernel.Presentation.CustomControl", "Presentation\Infrastructures\OSKernel.Presentation.CustomControl\OSKernel.Presentation.CustomControl.csproj", "{C6A51B32-2A75-4B14-BD16-DCA0C32DD470}"
EndProject
Project("{FAE04EC0-301F-11D3-BF4B-00C04F79EFBC}") = "OSKernel.Presentation.Models", "Presentation\Infrastructures\OSKernel.Presentation.Models\OSKernel.Presentation.Models.csproj", "{6B950185-7FDF-431B-8C95-686956CFBFB9}"
EndProject
Project("{FAE04EC0-301F-11D3-BF4B-00C04F79EFBC}") = "OSKernel.Presentation.Thems", "Presentation\Infrastructures\OSKernel.Presentation.Thems\OSKernel.Presentation.Thems.csproj", "{43932C3F-F9B0-4A8A-9A22-F09C44D22DA3}"
EndProject
Project("{FAE04EC0-301F-11D3-BF4B-00C04F79EFBC}") = "OSKernel.Presentation.Utilities", "Presentation\Infrastructures\OSKernel.Presentation.Utilities\OSKernel.Presentation.Utilities.csproj", "{178BB25B-EDAC-4035-8D9D-55FC1AF308C0}"
EndProject
Project("{2150E333-8FDC-42A3-9474-1A3956D46DE8}") = "Update", "Update", "{52A9B057-5B1C-4189-9836-320F22E83690}"
EndProject
Project("{FAE04EC0-301F-11D3-BF4B-00C04F79EFBC}") = "Update", "Presentation\Update\Update.csproj", "{B1D15024-CF0C-4287-90BC-18E11C4DBF60}"
EndProject
Global
	GlobalSection(SolutionConfigurationPlatforms) = preSolution
		Debug|Any CPU = Debug|Any CPU
		Publish|Any CPU = Publish|Any CPU
		Release|Any CPU = Release|Any CPU
	EndGlobalSection
	GlobalSection(ProjectConfigurationPlatforms) = postSolution
		{A014E31B-0A66-4969-8139-022C0EB9EDF2}.Debug|Any CPU.ActiveCfg = Debug|Any CPU
		{A014E31B-0A66-4969-8139-022C0EB9EDF2}.Debug|Any CPU.Build.0 = Debug|Any CPU
		{A014E31B-0A66-4969-8139-022C0EB9EDF2}.Publish|Any CPU.ActiveCfg = Publish|Any CPU
		{A014E31B-0A66-4969-8139-022C0EB9EDF2}.Publish|Any CPU.Build.0 = Publish|Any CPU
		{A014E31B-0A66-4969-8139-022C0EB9EDF2}.Release|Any CPU.ActiveCfg = Release|Any CPU
		{A014E31B-0A66-4969-8139-022C0EB9EDF2}.Release|Any CPU.Build.0 = Release|Any CPU
		{032F044C-2D72-4578-8E68-CBB3D6C82120}.Debug|Any CPU.ActiveCfg = Debug|Any CPU
		{032F044C-2D72-4578-8E68-CBB3D6C82120}.Debug|Any CPU.Build.0 = Debug|Any CPU
		{032F044C-2D72-4578-8E68-CBB3D6C82120}.Publish|Any CPU.ActiveCfg = Release|Any CPU
		{032F044C-2D72-4578-8E68-CBB3D6C82120}.Publish|Any CPU.Build.0 = Release|Any CPU
		{032F044C-2D72-4578-8E68-CBB3D6C82120}.Release|Any CPU.ActiveCfg = Release|Any CPU
		{032F044C-2D72-4578-8E68-CBB3D6C82120}.Release|Any CPU.Build.0 = Release|Any CPU
		{BA4FAC75-B605-4B4E-98D9-3AC760CEA278}.Debug|Any CPU.ActiveCfg = Debug|Any CPU
		{BA4FAC75-B605-4B4E-98D9-3AC760CEA278}.Debug|Any CPU.Build.0 = Debug|Any CPU
		{BA4FAC75-B605-4B4E-98D9-3AC760CEA278}.Publish|Any CPU.ActiveCfg = Publish|Any CPU
		{BA4FAC75-B605-4B4E-98D9-3AC760CEA278}.Publish|Any CPU.Build.0 = Publish|Any CPU
		{BA4FAC75-B605-4B4E-98D9-3AC760CEA278}.Release|Any CPU.ActiveCfg = Release|Any CPU
		{BA4FAC75-B605-4B4E-98D9-3AC760CEA278}.Release|Any CPU.Build.0 = Release|Any CPU
		{281D2716-EDDA-47BF-AC04-4E017433C315}.Debug|Any CPU.ActiveCfg = Debug|Any CPU
		{281D2716-EDDA-47BF-AC04-4E017433C315}.Debug|Any CPU.Build.0 = Debug|Any CPU
		{281D2716-EDDA-47BF-AC04-4E017433C315}.Publish|Any CPU.ActiveCfg = Publish|Any CPU
		{281D2716-EDDA-47BF-AC04-4E017433C315}.Publish|Any CPU.Build.0 = Publish|Any CPU
		{281D2716-EDDA-47BF-AC04-4E017433C315}.Release|Any CPU.ActiveCfg = Release|Any CPU
		{281D2716-EDDA-47BF-AC04-4E017433C315}.Release|Any CPU.Build.0 = Release|Any CPU
		{459E774C-1A09-4008-8CDF-765B467EACEA}.Debug|Any CPU.ActiveCfg = Debug|Any CPU
		{459E774C-1A09-4008-8CDF-765B467EACEA}.Debug|Any CPU.Build.0 = Debug|Any CPU
		{459E774C-1A09-4008-8CDF-765B467EACEA}.Publish|Any CPU.ActiveCfg = Publish|Any CPU
		{459E774C-1A09-4008-8CDF-765B467EACEA}.Publish|Any CPU.Build.0 = Publish|Any CPU
		{459E774C-1A09-4008-8CDF-765B467EACEA}.Release|Any CPU.ActiveCfg = Release|Any CPU
		{459E774C-1A09-4008-8CDF-765B467EACEA}.Release|Any CPU.Build.0 = Release|Any CPU
		{C6A51B32-2A75-4B14-BD16-DCA0C32DD470}.Debug|Any CPU.ActiveCfg = Debug|Any CPU
		{C6A51B32-2A75-4B14-BD16-DCA0C32DD470}.Debug|Any CPU.Build.0 = Debug|Any CPU
		{C6A51B32-2A75-4B14-BD16-DCA0C32DD470}.Publish|Any CPU.ActiveCfg = Publish|Any CPU
		{C6A51B32-2A75-4B14-BD16-DCA0C32DD470}.Publish|Any CPU.Build.0 = Publish|Any CPU
		{C6A51B32-2A75-4B14-BD16-DCA0C32DD470}.Release|Any CPU.ActiveCfg = Release|Any CPU
		{C6A51B32-2A75-4B14-BD16-DCA0C32DD470}.Release|Any CPU.Build.0 = Release|Any CPU
		{6B950185-7FDF-431B-8C95-686956CFBFB9}.Debug|Any CPU.ActiveCfg = Debug|Any CPU
		{6B950185-7FDF-431B-8C95-686956CFBFB9}.Debug|Any CPU.Build.0 = Debug|Any CPU
		{6B950185-7FDF-431B-8C95-686956CFBFB9}.Publish|Any CPU.ActiveCfg = Publish|Any CPU
		{6B950185-7FDF-431B-8C95-686956CFBFB9}.Publish|Any CPU.Build.0 = Publish|Any CPU
		{6B950185-7FDF-431B-8C95-686956CFBFB9}.Release|Any CPU.ActiveCfg = Release|Any CPU
		{6B950185-7FDF-431B-8C95-686956CFBFB9}.Release|Any CPU.Build.0 = Release|Any CPU
		{43932C3F-F9B0-4A8A-9A22-F09C44D22DA3}.Debug|Any CPU.ActiveCfg = Debug|Any CPU
		{43932C3F-F9B0-4A8A-9A22-F09C44D22DA3}.Debug|Any CPU.Build.0 = Debug|Any CPU
		{43932C3F-F9B0-4A8A-9A22-F09C44D22DA3}.Publish|Any CPU.ActiveCfg = Publish|Any CPU
		{43932C3F-F9B0-4A8A-9A22-F09C44D22DA3}.Publish|Any CPU.Build.0 = Publish|Any CPU
		{43932C3F-F9B0-4A8A-9A22-F09C44D22DA3}.Release|Any CPU.ActiveCfg = Release|Any CPU
		{43932C3F-F9B0-4A8A-9A22-F09C44D22DA3}.Release|Any CPU.Build.0 = Release|Any CPU
		{178BB25B-EDAC-4035-8D9D-55FC1AF308C0}.Debug|Any CPU.ActiveCfg = Debug|Any CPU
		{178BB25B-EDAC-4035-8D9D-55FC1AF308C0}.Debug|Any CPU.Build.0 = Debug|Any CPU
		{178BB25B-EDAC-4035-8D9D-55FC1AF308C0}.Publish|Any CPU.ActiveCfg = Publish|Any CPU
		{178BB25B-EDAC-4035-8D9D-55FC1AF308C0}.Publish|Any CPU.Build.0 = Publish|Any CPU
		{178BB25B-EDAC-4035-8D9D-55FC1AF308C0}.Release|Any CPU.ActiveCfg = Release|Any CPU
		{178BB25B-EDAC-4035-8D9D-55FC1AF308C0}.Release|Any CPU.Build.0 = Release|Any CPU
		{B1D15024-CF0C-4287-90BC-18E11C4DBF60}.Debug|Any CPU.ActiveCfg = Debug|Any CPU
		{B1D15024-CF0C-4287-90BC-18E11C4DBF60}.Debug|Any CPU.Build.0 = Debug|Any CPU
		{B1D15024-CF0C-4287-90BC-18E11C4DBF60}.Publish|Any CPU.ActiveCfg = Publish|Any CPU
		{B1D15024-CF0C-4287-90BC-18E11C4DBF60}.Publish|Any CPU.Build.0 = Publish|Any CPU
		{B1D15024-CF0C-4287-90BC-18E11C4DBF60}.Release|Any CPU.ActiveCfg = Release|Any CPU
		{B1D15024-CF0C-4287-90BC-18E11C4DBF60}.Release|Any CPU.Build.0 = Release|Any CPU
	EndGlobalSection
	GlobalSection(SolutionProperties) = preSolution
		HideSolutionNode = FALSE
	EndGlobalSection
	GlobalSection(NestedProjects) = preSolution
		{A014E31B-0A66-4969-8139-022C0EB9EDF2} = {C295AD9F-E869-4A79-9872-063F5061C4E5}
		{88944318-5F98-4489-B88C-3A6B55B42A0A} = {C295AD9F-E869-4A79-9872-063F5061C4E5}
		{B5AE0BEC-0427-49F5-B6BB-1673793BA8CF} = {C295AD9F-E869-4A79-9872-063F5061C4E5}
		{032F044C-2D72-4578-8E68-CBB3D6C82120} = {B5AE0BEC-0427-49F5-B6BB-1673793BA8CF}
		{BA4FAC75-B605-4B4E-98D9-3AC760CEA278} = {B5AE0BEC-0427-49F5-B6BB-1673793BA8CF}
		{281D2716-EDDA-47BF-AC04-4E017433C315} = {B5AE0BEC-0427-49F5-B6BB-1673793BA8CF}
		{459E774C-1A09-4008-8CDF-765B467EACEA} = {88944318-5F98-4489-B88C-3A6B55B42A0A}
		{C6A51B32-2A75-4B14-BD16-DCA0C32DD470} = {88944318-5F98-4489-B88C-3A6B55B42A0A}
		{6B950185-7FDF-431B-8C95-686956CFBFB9} = {88944318-5F98-4489-B88C-3A6B55B42A0A}
		{43932C3F-F9B0-4A8A-9A22-F09C44D22DA3} = {88944318-5F98-4489-B88C-3A6B55B42A0A}
		{178BB25B-EDAC-4035-8D9D-55FC1AF308C0} = {88944318-5F98-4489-B88C-3A6B55B42A0A}
		{52A9B057-5B1C-4189-9836-320F22E83690} = {C295AD9F-E869-4A79-9872-063F5061C4E5}
		{B1D15024-CF0C-4287-90BC-18E11C4DBF60} = {52A9B057-5B1C-4189-9836-320F22E83690}
	EndGlobalSection
	GlobalSection(ExtensibilityGlobals) = postSolution
		SolutionGuid = {EFD5E904-BF6D-48FB-9782-31E947787BA7}
	EndGlobalSection
EndGlobal
